
Microsoft Visual Studio Solution File, Format Version 12.00
# Visual Studio Version 17
VisualStudioVersion = 17.4.33205.214
MinimumVisualStudioVersion = 10.0.40219.1
Project("{FAE04EC0-301F-11D3-BF4B-00C04F79EFBC}") = "EnhancedCuddleFishBepInEx", "EnhancedCuddleFishBepInEx\EnhancedCuddleFishBepInEx.csproj", "{9AA8EB75-BEB3-4E50-BE6A-F90727EDEEBC}"
EndProject
Global
	GlobalSection(SolutionConfigurationPlatforms) = preSolution
		Debug|Any CPU = Debug|Any CPU
		Release|Any CPU = Release|Any CPU
	EndGlobalSection
	GlobalSection(ProjectConfigurationPlatforms) = postSolution
		{9AA8EB75-BEB3-4E50-BE6A-F90727EDEEBC}.Debug|Any CPU.ActiveCfg = Debug|Any CPU
		{9AA8EB75-BEB3-4E50-BE6A-F90727EDEEBC}.Debug|Any CPU.Build.0 = Debug|Any CPU
		{9AA8EB75-BEB3-4E50-BE6A-F90727EDEEBC}.Release|Any CPU.ActiveCfg = Release|Any CPU
		{9AA8EB75-BEB3-4E50-BE6A-F90727EDEEBC}.Release|Any CPU.Build.0 = Release|Any CPU
	EndGlobalSection
	GlobalSection(SolutionProperties) = preSolution
		HideSolutionNode = FALSE
	EndGlobalSection
	GlobalSection(ExtensibilityGlobals) = postSolution
		SolutionGuid = {F010CFF3-B77B-41B0-AC3D-7813F249E6B6}
	EndGlobalSection
EndGlobal
